PODS:
  - Flutter (1.0.0)
  - jawal-ios (0.0.2)
  - jawal_flutter (0.0.1):
    - Flutter
    - jawal-ios (~> 0.0.2)

DEPENDENCIES:
  - Flutter (from `Flutter`)
  - jawal_flutter (from `.symlinks/plugins/jawal_flutter/ios`)

SPEC REPOS:
  trunk:
    - jawal-ios

EXTERNAL SOURCES:
  Flutter:
    :path: Flutter
  jawal_flutter:
    :path: ".symlinks/plugins/jawal_flutter/ios"

SPEC CHECKSUMS:
  Flutter: f04841e97a9d0b0a8025694d0796dd46242b2854
  jawal-ios: 3d1564e590b462f0d16946b090780e8f1ae5254c
  jawal_flutter: 32055cf5f88d97ab20b809f0a699055d3720c654

PODFILE CHECKSUM: ef19549a9bc3046e7bb7d2fab4d021637c0c58a3

COCOAPODS: 1.12.1
